
Microsoft Visual Studio Solution File, Format Version 12.00
# Visual Studio Version 16
VisualStudioVersion = 16.0.30804.86
MinimumVisualStudioVersion = 10.0.40219.1
Project("{FAE04EC0-301F-11D3-BF4B-00C04F79EFBC}") = "RadioButton3", "RadioButton3\RadioButton3.csproj", "{B7CDC8DF-B104-44CF-B84E-717E9167883A}"
EndProject
Global
	GlobalSection(SolutionConfigurationPlatforms) = preSolution
		Debug|Any CPU = Debug|Any CPU
		Release|Any CPU = Release|Any CPU
	EndGlobalSection
	GlobalSection(ProjectConfigurationPlatforms) = postSolution
		{B7CDC8DF-B104-44CF-B84E-717E9167883A}.Debug|Any CPU.ActiveCfg = Debug|Any CPU
		{B7CDC8DF-B104-44CF-B84E-717E9167883A}.Debug|Any CPU.Build.0 = Debug|Any CPU
		{B7CDC8DF-B104-44CF-B84E-717E9167883A}.Release|Any CPU.ActiveCfg = Release|Any CPU
		{B7CDC8DF-B104-44CF-B84E-717E9167883A}.Release|Any CPU.Build.0 = Release|Any CPU
	EndGlobalSection
	GlobalSection(SolutionProperties) = preSolution
		HideSolutionNode = FALSE
	EndGlobalSection
	GlobalSection(ExtensibilityGlobals) = postSolution
		SolutionGuid = {4E06FB9F-D924-43A8-A630-4ACAD8DFF0C8}
	EndGlobalSection
EndGlobal
